
Microsoft Visual Studio Solution File, Format Version 12.00
# Visual Studio Version 17
VisualStudioVersion = 17.5.33424.131
MinimumVisualStudioVersion = 10.0.40219.1
Project("{FAE04EC0-301F-11D3-BF4B-00C04F79EFBC}") = "test", "test.csproj", "{556AD10A-C420-41CA-92FF-E21400CA9850}"
EndProject
Global
	GlobalSection(SolutionConfigurationPlatforms) = preSolution
		Debug|Any CPU = Debug|Any CPU
		Release|Any CPU = Release|Any CPU
	EndGlobalSection
	GlobalSection(ProjectConfigurationPlatforms) = postSolution
		{556AD10A-C420-41CA-92FF-E21400CA9850}.Debug|Any CPU.ActiveCfg = Debug|Any CPU
		{556AD10A-C420-41CA-92FF-E21400CA9850}.Debug|Any CPU.Build.0 = Debug|Any CPU
		{556AD10A-C420-41CA-92FF-E21400CA9850}.Release|Any CPU.ActiveCfg = Release|Any CPU
		{556AD10A-C420-41CA-92FF-E21400CA9850}.Release|Any CPU.Build.0 = Release|Any CPU
	EndGlobalSection
	GlobalSection(SolutionProperties) = preSolution
		HideSolutionNode = FALSE
	EndGlobalSection
	GlobalSection(ExtensibilityGlobals) = postSolution
		SolutionGuid = {3837C734-631B-43B3-AF0A-244954FDE617}
	EndGlobalSection
EndGlobal
